
Microsoft Visual Studio Solution File, Format Version 12.00
# Visual Studio Version 17
VisualStudioVersion = 17.13.35825.156 d17.13
MinimumVisualStudioVersion = 10.0.40219.1
Project("{8BC9CEB8-8B4A-11D0-8D11-00A0C91BC942}") = "Astar main", "Astar main\Astar main.vcxproj", "{15DD6093-2D6E-4398-89E6-41B40338CD39}"
EndProject
Global
	GlobalSection(SolutionConfigurationPlatforms) = preSolution
		Debug|x64 = Debug|x64
		Debug|x86 = Debug|x86
		Release|x64 = Release|x64
		Release|x86 = Release|x86
	EndGlobalSection
	GlobalSection(ProjectConfigurationPlatforms) = postSolution
		{15DD6093-2D6E-4398-89E6-41B40338CD39}.Debug|x64.ActiveCfg = Debug|x64
		{15DD6093-2D6E-4398-89E6-41B40338CD39}.Debug|x64.Build.0 = Debug|x64
		{15DD6093-2D6E-4398-89E6-41B40338CD39}.Debug|x86.ActiveCfg = Debug|Win32
		{15DD6093-2D6E-4398-89E6-41B40338CD39}.Debug|x86.Build.0 = Debug|Win32
		{15DD6093-2D6E-4398-89E6-41B40338CD39}.Release|x64.ActiveCfg = Release|x64
		{15DD6093-2D6E-4398-89E6-41B40338CD39}.Release|x64.Build.0 = Release|x64
		{15DD6093-2D6E-4398-89E6-41B40338CD39}.Release|x86.ActiveCfg = Release|Win32
		{15DD6093-2D6E-4398-89E6-41B40338CD39}.Release|x86.Build.0 = Release|Win32
	EndGlobalSection
	GlobalSection(SolutionProperties) = preSolution
		HideSolutionNode = FALSE
	EndGlobalSection
	GlobalSection(ExtensibilityGlobals) = postSolution
		SolutionGuid = {D6D78AC7-5555-4C61-9116-EC72960EEE6D}
	EndGlobalSection
EndGlobal
